
Microsoft Visual Studio Solution File, Format Version 12.00
# Visual Studio Version 17
VisualStudioVersion = 17.9.34714.143
MinimumVisualStudioVersion = 10.0.40219.1
Project("{FAE04EC0-301F-11D3-BF4B-00C04F79EFBC}") = "ПР2", "ПР2\ПР2.csproj", "{475EA950-D0E1-410A-8EA0-CBA79E726DAC}"
EndProject
Global
	GlobalSection(SolutionConfigurationPlatforms) = preSolution
		Debug|Any CPU = Debug|Any CPU
		Release|Any CPU = Release|Any CPU
	EndGlobalSection
	GlobalSection(ProjectConfigurationPlatforms) = postSolution
		{475EA950-D0E1-410A-8EA0-CBA79E726DAC}.Debug|Any CPU.ActiveCfg = Debug|Any CPU
		{475EA950-D0E1-410A-8EA0-CBA79E726DAC}.Debug|Any CPU.Build.0 = Debug|Any CPU
		{475EA950-D0E1-410A-8EA0-CBA79E726DAC}.Release|Any CPU.ActiveCfg = Release|Any CPU
		{475EA950-D0E1-410A-8EA0-CBA79E726DAC}.Release|Any CPU.Build.0 = Release|Any CPU
	EndGlobalSection
	GlobalSection(SolutionProperties) = preSolution
		HideSolutionNode = FALSE
	EndGlobalSection
	GlobalSection(ExtensibilityGlobals) = postSolution
		SolutionGuid = {4ABD50C3-6401-4246-8270-DCA8EA9E1E21}
	EndGlobalSection
EndGlobal
